lockfileVersion: '9.0'

settings:
  autoInstallPeers: true
  excludeLinksFromLockfile: false

overrides:
  repolice: link:../../../../Library/pnpm/global/5/node_modules/repolice

importers:

  .:
    dependencies:
      repolice:
        specifier: link:../../../../Library/pnpm/global/5/node_modules/repolice
        version: link:../../../../Library/pnpm/global/5/node_modules/repolice
